// !$*UTF8*$!
{
	archiveVersion = 1;
	classes = {
	};
	objectVersion = 50;
	objects = {

/* Begin PBXBuildFile section */
		D424793C2601867F00B84CF7 /* AppDelegate.swift in Sources */ = {isa = PBXBuildFile; fileRef = D424793B2601867F00B84CF7 /* AppDelegate.swift */; };
		D424793E2601867F00B84CF7 /* SceneDelegate.swift in Sources */ = {isa = PBXBuildFile; fileRef = D424793D2601867F00B84CF7 /* SceneDelegate.swift */; };
		D42479402601867F00B84CF7 /* ViewController.swift in Sources */ = {isa = PBXBuildFile; fileRef = D424793F2601867F00B84CF7 /* ViewController.swift */; };
		D42479432601867F00B84CF7 /* Main.storyboard in Resources */ = {isa = PBXBuildFile; fileRef = D42479412601867F00B84CF7 /* Main.storyboard */; };
		D42479452601868200B84CF7 /* Assets.xcassets in Resources */ = {isa = PBXBuildFile; fileRef = D42479442601868200B84CF7 /* Assets.xcassets */; };
		D42479482601868200B84CF7 /* LaunchScreen.storyboard in Resources */ = {isa = PBXBuildFile; fileRef = D42479462601868200B84CF7 /* LaunchScreen.storyboard */; };
		D4247951260187F900B84CF7 /* ContactsViewController.swift in Sources */ = {isa = PBXBuildFile; fileRef = D4247950260187F900B84CF7 /* ContactsViewController.swift */; };
		D4247955260191D300B84CF7 /* Contacts.swift in Sources */ = {isa = PBXBuildFile; fileRef = D4247954260191D300B84CF7 /* Contacts.swift */; };
		D424795A26019E4200B84CF7 /* ContactsTableViewCell.swift in Sources */ = {isa = PBXBuildFile; fileRef = D424795926019E4200B84CF7 /* ContactsTableViewCell.swift */; };
		D42479612601A42E00B84CF7 /* AddContactsViewController.swift in Sources */ = {isa = PBXBuildFile; fileRef = D42479602601A42E00B84CF7 /* AddContactsViewController.swift */; };
		D424796626020A8F00B84CF7 /* ContactsUtils.swift in Sources */ = {isa = PBXBuildFile; fileRef = D424796526020A8F00B84CF7 /* ContactsUtils.swift */; };
/* End PBXBuildFile section */

/* Begin PBXFileReference section */
		D42479382601867F00B84CF7 /* contactsApp.app */ = {isa = PBXFileReference; explicitFileType = wrapper.application; includeInIndex = 0; path = contactsApp.app; sourceTree = BUILT_PRODUCTS_DIR; };
		D424793B2601867F00B84CF7 /* AppDelegate.swift */ = {isa = PBXFileReference; lastKnownFileType = sourcecode.swift; path = AppDelegate.swift; sourceTree = "<group>"; };
		D424793D2601867F00B84CF7 /* SceneDelegate.swift */ = {isa = PBXFileReference; lastKnownFileType = sourcecode.swift; path = SceneDelegate.swift; sourceTree = "<group>"; };
		D424793F2601867F00B84CF7 /* ViewController.swift */ = {isa = PBXFileReference; lastKnownFileType = sourcecode.swift; path = ViewController.swift; sourceTree = "<group>"; };
		D42479422601867F00B84CF7 /* Base */ = {isa = PBXFileReference; lastKnownFileType = file.storyboard; name = Base; path = Base.lproj/Main.storyboard; sourceTree = "<group>"; };
		D42479442601868200B84CF7 /* Assets.xcassets */ = {isa = PBXFileReference; lastKnownFileType = folder.assetcatalog; path = Assets.xcassets; sourceTree = "<group>"; };
		D42479472601868200B84CF7 /* Base */ = {isa = PBXFileReference; lastKnownFileType = file.storyboard; name = Base; path = Base.lproj/LaunchScreen.storyboard; sourceTree = "<group>"; };
		D42479492601868200B84CF7 /* Info.plist */ = {isa = PBXFileReference; lastKnownFileType = text.plist.xml; path = Info.plist; sourceTree = "<group>"; };
		D4247950260187F900B84CF7 /* ContactsViewController.swift */ = {isa = PBXFileReference; lastKnownFileType = sourcecode.swift; path = ContactsViewController.swift; sourceTree = "<group>"; };
		D4247954260191D300B84CF7 /* Contacts.swift */ = {isa = PBXFileReference; lastKnownFileType = sourcecode.swift; path = Contacts.swift; sourceTree = "<group>"; };
		D424795926019E4200B84CF7 /* ContactsTableViewCell.swift */ = {isa = PBXFileReference; lastKnownFileType = sourcecode.swift; path = ContactsTableViewCell.swift; sourceTree = "<group>"; };
		D42479602601A42E00B84CF7 /* AddContactsViewController.swift */ = {isa = PBXFileReference; lastKnownFileType = sourcecode.swift; path = AddContactsViewController.swift; sourceTree = "<group>"; };
		D424796526020A8F00B84CF7 /* ContactsUtils.swift */ = {isa = PBXFileReference; lastKnownFileType = sourcecode.swift; path = ContactsUtils.swift; sourceTree = "<group>"; };
/* End PBXFileReference section */

/* Begin PBXFrameworksBuildPhase section */
		D42479352601867F00B84CF7 /* Frameworks */ = {
			isa = PBXFrameworksBuildPhase;
			buildActionMask = 2147483647;
			files = (
			);
			runOnlyForDeploymentPostprocessing = 0;
		};
/* End PBXFrameworksBuildPhase section */

/* Begin PBXGroup section */
		D424792F2601867F00B84CF7 = {
			isa = PBXGroup;
			children = (
				D424793A2601867F00B84CF7 /* contactsApp */,
				D42479392601867F00B84CF7 /* Products */,
			);
			sourceTree = "<group>";
		};
		D42479392601867F00B84CF7 /* Products */ = {
			isa = PBXGroup;
			children = (
				D42479382601867F00B84CF7 /* contactsApp.app */,
			);
			name = Products;
			sourceTree = "<group>";
		};
		D424793A2601867F00B84CF7 /* contactsApp */ = {
			isa = PBXGroup;
			children = (
				D424796426020A5800B84CF7 /* Utils */,
				D424795F2601A40C00B84CF7 /* Contacts */,
				D424795826019E3200B84CF7 /* TableViewCell */,
				D42479532601915F00B84CF7 /* Models */,
				D424793B2601867F00B84CF7 /* AppDelegate.swift */,
				D424793D2601867F00B84CF7 /* SceneDelegate.swift */,
				D424793F2601867F00B84CF7 /* ViewController.swift */,
				D42479412601867F00B84CF7 /* Main.storyboard */,
				D42479442601868200B84CF7 /* Assets.xcassets */,
				D42479462601868200B84CF7 /* LaunchScreen.storyboard */,
				D42479492601868200B84CF7 /* Info.plist */,
			);
			path = contactsApp;
			sourceTree = "<group>";
		};
		D42479532601915F00B84CF7 /* Models */ = {
			isa = PBXGroup;
			children = (
				D4247954260191D300B84CF7 /* Contacts.swift */,
			);
			path = Models;
			sourceTree = "<group>";
		};
		D424795826019E3200B84CF7 /* TableViewCell */ = {
			isa = PBXGroup;
			children = (
				D424795926019E4200B84CF7 /* ContactsTableViewCell.swift */,
			);
			path = TableViewCell;
			sourceTree = "<group>";
		};
		D424795F2601A40C00B84CF7 /* Contacts */ = {
			isa = PBXGroup;
			children = (
				D4247950260187F900B84CF7 /* ContactsViewController.swift */,
				D42479602601A42E00B84CF7 /* AddContactsViewController.swift */,
			);
			path = Contacts;
			sourceTree = "<group>";
		};
		D424796426020A5800B84CF7 /* Utils */ = {
			isa = PBXGroup;
			children = (
				D424796526020A8F00B84CF7 /* ContactsUtils.swift */,
			);
			path = Utils;
			sourceTree = "<group>";
		};
/* End PBXGroup section */

/* Begin PBXNativeTarget section */
		D42479372601867F00B84CF7 /* contactsApp */ = {
			isa = PBXNativeTarget;
			buildConfigurationList = D424794C2601868200B84CF7 /* Build configuration list for PBXNativeTarget "contactsApp" */;
			buildPhases = (
				D42479342601867F00B84CF7 /* Sources */,
				D42479352601867F00B84CF7 /* Frameworks */,
				D42479362601867F00B84CF7 /* Resources */,
			);
			buildRules = (
			);
			dependencies = (
			);
			name = contactsApp;
			productName = contactsApp;
			productReference = D42479382601867F00B84CF7 /* contactsApp.app */;
			productType = "com.apple.product-type.application";
		};
/* End PBXNativeTarget section */

/* Begin PBXProject section */
		D42479302601867F00B84CF7 /* Project object */ = {
			isa = PBXProject;
			attributes = {
				LastSwiftUpdateCheck = 1240;
				LastUpgradeCheck = 1240;
				TargetAttributes = {
					D42479372601867F00B84CF7 = {
						CreatedOnToolsVersion = 12.4;
					};
				};
			};
			buildConfigurationList = D42479332601867F00B84CF7 /* Build configuration list for PBXProject "contactsApp" */;
			compatibilityVersion = "Xcode 9.3";
			developmentRegion = en;
			hasScannedForEncodings = 0;
			knownRegions = (
				en,
				Base,
			);
			mainGroup = D424792F2601867F00B84CF7;
			productRefGroup = D42479392601867F00B84CF7 /* Products */;
			projectDirPath = "";
			projectRoot = "";
			targets = (
				D42479372601867F00B84CF7 /* contactsApp */,
			);
		};
/* End PBXProject section */

/* Begin PBXResourcesBuildPhase section */
		D42479362601867F00B84CF7 /* Resources */ = {
			isa = PBXResourcesBuildPhase;
			buildActionMask = 2147483647;
			files = (
				D42479482601868200B84CF7 /* LaunchScreen.storyboard in Resources */,
				D42479452601868200B84CF7 /* Assets.xcassets in Resources */,
				D42479432601867F00B84CF7 /* Main.storyboard in Resources */,
			);
			runOnlyForDeploymentPostprocessing = 0;
		};
/* End PBXResourcesBuildPhase section */

/* Begin PBXSourcesBuildPhase section */
		D42479342601867F00B84CF7 /* Sources */ = {
			isa = PBXSourcesBuildPhase;
			buildActionMask = 2147483647;
			files = (
				D42479402601867F00B84CF7 /* ViewController.swift in Sources */,
				D42479612601A42E00B84CF7 /* AddContactsViewController.swift in Sources */,
				D424795A26019E4200B84CF7 /* ContactsTableViewCell.swift in Sources */,
				D4247951260187F900B84CF7 /* ContactsViewController.swift in Sources */,
				D424793C2601867F00B84CF7 /* AppDelegate.swift in Sources */,
				D424793E2601867F00B84CF7 /* SceneDelegate.swift in Sources */,
				D424796626020A8F00B84CF7 /* ContactsUtils.swift in Sources */,
				D4247955260191D300B84CF7 /* Contacts.swift in Sources */,
			);
			runOnlyForDeploymentPostprocessing = 0;
		};
/* End PBXSourcesBuildPhase section */

/* Begin PBXVariantGroup section */
		D42479412601867F00B84CF7 /* Main.storyboard */ = {
			isa = PBXVariantGroup;
			children = (
				D42479422601867F00B84CF7 /* Base */,
			);
			name = Main.storyboard;
			sourceTree = "<group>";
		};
		D42479462601868200B84CF7 /* LaunchScreen.storyboard */ = {
			isa = PBXVariantGroup;
			children = (
				D42479472601868200B84CF7 /* Base */,
			);
			name = LaunchScreen.storyboard;
			sourceTree = "<group>";
		};
/* End PBXVariantGroup section */

/* Begin XCBuildConfiguration section */
		D424794A2601868200B84CF7 /* Debug */ = {
			isa = XCBuildConfiguration;
			buildSettings = {
				ALWAYS_SEARCH_USER_PATHS = NO;
				CLANG_ANALYZER_NONNULL = YES;
				CLANG_ANALYZER_NUMBER_OBJECT_CONVERSION = YES_AGGRESSIVE;
				CLANG_CXX_LANGUAGE_STANDARD = "gnu++14";
				CLANG_CXX_LIBRARY = "libc++";
				CLANG_ENABLE_MODULES = YES;
				CLANG_ENABLE_OBJC_ARC = YES;
				CLANG_ENABLE_OBJC_WEAK = YES;
				CLANG_WARN_BLOCK_CAPTURE_AUTORELEASING = YES;
				CLANG_WARN_BOOL_CONVERSION = YES;
				CLANG_WARN_COMMA = YES;
				CLANG_WARN_CONSTANT_CONVERSION = YES;
				CLANG_WARN_DEPRECATED_OBJC_IMPLEMENTATIONS = YES;
				CLANG_WARN_DIRECT_OBJC_ISA_USAGE = YES_ERROR;
				CLANG_WARN_DOCUMENTATION_COMMENTS = YES;
				CLANG_WARN_EMPTY_BODY = YES;
				CLANG_WARN_ENUM_CONVERSION = YES;
				CLANG_WARN_INFINITE_RECURSION = YES;
				CLANG_WARN_INT_CONVERSION = YES;
				CLANG_WARN_NON_LITERAL_NULL_CONVERSION = YES;
				CLANG_WARN_OBJC_IMPLICIT_RETAIN_SELF = YES;
				CLANG_WARN_OBJC_LITERAL_CONVERSION = YES;
				CLANG_WARN_OBJC_ROOT_CLASS = YES_ERROR;
				CLANG_WARN_QUOTED_INCLUDE_IN_FRAMEWORK_HEADER = YES;
				CLANG_WARN_RANGE_LOOP_ANALYSIS = YES;
				CLANG_WARN_STRICT_PROTOTYPES = YES;
				CLANG_WARN_SUSPICIOUS_MOVE = YES;
				CLANG_WARN_UNGUARDED_AVAILABILITY = YES_AGGRESSIVE;
				CLANG_WARN_UNREACHABLE_CODE = YES;
				CLANG_WARN__DUPLICATE_METHOD_MATCH = YES;
				COPY_PHASE_STRIP = NO;
				DEBUG_INFORMATION_FORMAT = dwarf;
				ENABLE_STRICT_OBJC_MSGSEND = YES;
				ENABLE_TESTABILITY = YES;
				GCC_C_LANGUAGE_STANDARD = gnu11;
				GCC_DYNAMIC_NO_PIC = NO;
				GCC_NO_COMMON_BLOCKS = YES;
				GCC_OPTIMIZATION_LEVEL = 0;
				GCC_PREPROCESSOR_DEFINITIONS = (
					"DEBUG=1",
					"$(inherited)",
				);
				GCC_WARN_64_TO_32_BIT_CONVERSION = YES;
				GCC_WARN_ABOUT_RETURN_TYPE = YES_ERROR;
				GCC_WARN_UNDECLARED_SELECTOR = YES;
				GCC_WARN_UNINITIALIZED_AUTOS = YES_AGGRESSIVE;
				GCC_WARN_UNUSED_FUNCTION = YES;
				GCC_WARN_UNUSED_VARIABLE = YES;
				IPHONEOS_DEPLOYMENT_TARGET = 14.4;
				MTL_ENABLE_DEBUG_INFO = INCLUDE_SOURCE;
				MTL_FAST_MATH = YES;
				ONLY_ACTIVE_ARCH = YES;
				SDKROOT = iphoneos;
				SWIFT_ACTIVE_COMPILATION_CONDITIONS = DEBUG;
				SWIFT_OPTIMIZATION_LEVEL = "-Onone";
			};
			name = Debug;
		};
		D424794B2601868200B84CF7 /* Release */ = {
			isa = XCBuildConfiguration;
			buildSettings = {
				ALWAYS_SEARCH_USER_PATHS = NO;
				CLANG_ANALYZER_NONNULL = YES;
				CLANG_ANALYZER_NUMBER_OBJECT_CONVERSION = YES_AGGRESSIVE;
				CLANG_CXX_LANGUAGE_STANDARD = "gnu++14";
				CLANG_CXX_LIBRARY = "libc++";
				CLANG_ENABLE_MODULES = YES;
				CLANG_ENABLE_OBJC_ARC = YES;
				CLANG_ENABLE_OBJC_WEAK = YES;
				CLANG_WARN_BLOCK_CAPTURE_AUTORELEASING = YES;
				CLANG_WARN_BOOL_CONVERSION = YES;
				CLANG_WARN_COMMA = YES;
				CLANG_WARN_CONSTANT_CONVERSION = YES;
				CLANG_WARN_DEPRECATED_OBJC_IMPLEMENTATIONS = YES;
				CLANG_WARN_DIRECT_OBJC_ISA_USAGE = YES_ERROR;
				CLANG_WARN_DOCUMENTATION_COMMENTS = YES;
				CLANG_WARN_EMPTY_BODY = YES;
				CLANG_WARN_ENUM_CONVERSION = YES;
				CLANG_WARN_INFINITE_RECURSION = YES;
				CLANG_WARN_INT_CONVERSION = YES;
				CLANG_WARN_NON_LITERAL_NULL_CONVERSION = YES;
				CLANG_WARN_OBJC_IMPLICIT_RETAIN_SELF = YES;
				CLANG_WARN_OBJC_LITERAL_CONVERSION = YES;
				CLANG_WARN_OBJC_ROOT_CLASS = YES_ERROR;
				CLANG_WARN_QUOTED_INCLUDE_IN_FRAMEWORK_HEADER = YES;
				CLANG_WARN_RANGE_LOOP_ANALYSIS = YES;
				CLANG_WARN_STRICT_PROTOTYPES = YES;
				CLANG_WARN_SUSPICIOUS_MOVE = YES;
				CLANG_WARN_UNGUARDED_AVAILABILITY = YES_AGGRESSIVE;
				CLANG_WARN_UNREACHABLE_CODE = YES;
				CLANG_WARN__DUPLICATE_METHOD_MATCH = YES;
				COPY_PHASE_STRIP = NO;
				DEBUG_INFORMATION_FORMAT = "dwarf-with-dsym";
				ENABLE_NS_ASSERTIONS = NO;
				ENABLE_STRICT_OBJC_MSGSEND = YES;
				GCC_C_LANGUAGE_STANDARD = gnu11;
				GCC_NO_COMMON_BLOCKS = YES;
				GCC_WARN_64_TO_32_BIT_CONVERSION = YES;
				GCC_WARN_ABOUT_RETURN_TYPE = YES_ERROR;
				GCC_WARN_UNDECLARED_SELECTOR = YES;
				GCC_WARN_UNINITIALIZED_AUTOS = YES_AGGRESSIVE;
				GCC_WARN_UNUSED_FUNCTION = YES;
				GCC_WARN_UNUSED_VARIABLE = YES;
				IPHONEOS_DEPLOYMENT_TARGET = 14.4;
				MTL_ENABLE_DEBUG_INFO = NO;
				MTL_FAST_MATH = YES;
				SDKROOT = iphoneos;
				SWIFT_COMPILATION_MODE = wholemodule;
				SWIFT_OPTIMIZATION_LEVEL = "-O";
				VALIDATE_PRODUCT = YES;
			};
			name = Release;
		};
		D424794D2601868200B84CF7 /* Debug */ = {
			isa = XCBuildConfiguration;
			buildSettings = {
				ASSETCATALOG_COMPILER_APPICON_NAME = AppIcon;
				ASSETCATALOG_COMPILER_GLOBAL_ACCENT_COLOR_NAME = AccentColor;
				CODE_SIGN_STYLE = Automatic;
				DEVELOPMENT_TEAM = 297E733UYC;
				INFOPLIST_FILE = contactsApp/Info.plist;
				LD_RUNPATH_SEARCH_PATHS = (
					"$(inherited)",
					"@executable_path/Frameworks",
				);
				PRODUCT_BUNDLE_IDENTIFIER = com.jonatanmendez.swfit.contactsApp;
				PRODUCT_NAME = "$(TARGET_NAME)";
				SWIFT_VERSION = 5.0;
				TARGETED_DEVICE_FAMILY = "1,2";
			};
			name = Debug;
		};
		D424794E2601868200B84CF7 /* Release */ = {
			isa = XCBuildConfiguration;
			buildSettings = {
				ASSETCATALOG_COMPILER_APPICON_NAME = AppIcon;
				ASSETCATALOG_COMPILER_GLOBAL_ACCENT_COLOR_NAME = AccentColor;
				CODE_SIGN_STYLE = Automatic;
				DEVELOPMENT_TEAM = 297E733UYC;
				INFOPLIST_FILE = contactsApp/Info.plist;
				LD_RUNPATH_SEARCH_PATHS = (
					"$(inherited)",
					"@executable_path/Frameworks",
				);
				PRODUCT_BUNDLE_IDENTIFIER = com.jonatanmendez.swfit.contactsApp;
				PRODUCT_NAME = "$(TARGET_NAME)";
				SWIFT_VERSION = 5.0;
				TARGETED_DEVICE_FAMILY = "1,2";
			};
			name = Release;
		};
/* End XCBuildConfiguration section */

/* Begin XCConfigurationList section */
		D42479332601867F00B84CF7 /* Build configuration list for PBXProject "contactsApp" */ = {
			isa = XCConfigurationList;
			buildConfigurations = (
				D424794A2601868200B84CF7 /* Debug */,
				D424794B2601868200B84CF7 /* Release */,
			);
			defaultConfigurationIsVisible = 0;
			defaultConfigurationName = Release;
		};
		D424794C2601868200B84CF7 /* Build configuration list for PBXNativeTarget "contactsApp" */ = {
			isa = XCConfigurationList;
			buildConfigurations = (
				D424794D2601868200B84CF7 /* Debug */,
				D424794E2601868200B84CF7 /* Release */,
			);
			defaultConfigurationIsVisible = 0;
			defaultConfigurationName = Release;
		};
/* End XCConfigurationList section */
	};
	rootObject = D42479302601867F00B84CF7 /* Project object */;
}
